
Microsoft Visual Studio Solution File, Format Version 12.00
# Visual Studio Version 16
VisualStudioVersion = 16.0.30128.74
MinimumVisualStudioVersion = 10.0.40219.1
Project("{FAE04EC0-301F-11D3-BF4B-00C04F79EFBC}") = "WissingLocal", "WissingLocal\WissingLocal.csproj", "{78934E5F-B799-4B0C-9C92-6C9BDF46F9B1}"
EndProject
Global
	GlobalSection(SolutionConfigurationPlatforms) = preSolution
		Debug|Any CPU = Debug|Any CPU
		Release|Any CPU = Release|Any CPU
	EndGlobalSection
	GlobalSection(ProjectConfigurationPlatforms) = postSolution
		{78934E5F-B799-4B0C-9C92-6C9BDF46F9B1}.Debug|Any CPU.ActiveCfg = Debug|Any CPU
		{78934E5F-B799-4B0C-9C92-6C9BDF46F9B1}.Debug|Any CPU.Build.0 = Debug|Any CPU
		{78934E5F-B799-4B0C-9C92-6C9BDF46F9B1}.Release|Any CPU.ActiveCfg = Release|Any CPU
		{78934E5F-B799-4B0C-9C92-6C9BDF46F9B1}.Release|Any CPU.Build.0 = Release|Any CPU
	EndGlobalSection
	GlobalSection(SolutionProperties) = preSolution
		HideSolutionNode = FALSE
	EndGlobalSection
	GlobalSection(ExtensibilityGlobals) = postSolution
		SolutionGuid = {E414FB6A-EFDC-4B3C-9888-6A15B916A783}
	EndGlobalSection
EndGlobal
